
Microsoft Visual Studio Solution File, Format Version 12.00
# Visual Studio Version 16
VisualStudioVersion = 16.0.32126.315
MinimumVisualStudioVersion = 10.0.40219.1
Project("{FAE04EC0-301F-11D3-BF4B-00C04F79EFBC}") = "PasswordGenerator2", "PasswordGenerator2.csproj", "{BAA78A79-55AE-42C9-9582-D728B8AC7688}"
EndProject
Global
	GlobalSection(SolutionConfigurationPlatforms) = preSolution
		Debug|Any CPU = Debug|Any CPU
		Release|Any CPU = Release|Any CPU
	EndGlobalSection
	GlobalSection(ProjectConfigurationPlatforms) = postSolution
		{BAA78A79-55AE-42C9-9582-D728B8AC7688}.Debug|Any CPU.ActiveCfg = Debug|Any CPU
		{BAA78A79-55AE-42C9-9582-D728B8AC7688}.Debug|Any CPU.Build.0 = Debug|Any CPU
		{BAA78A79-55AE-42C9-9582-D728B8AC7688}.Release|Any CPU.ActiveCfg = Release|Any CPU
		{BAA78A79-55AE-42C9-9582-D728B8AC7688}.Release|Any CPU.Build.0 = Release|Any CPU
	EndGlobalSection
	GlobalSection(SolutionProperties) = preSolution
		HideSolutionNode = FALSE
	EndGlobalSection
	GlobalSection(ExtensibilityGlobals) = postSolution
		SolutionGuid = {50AEEC23-1F2F-47E2-93C5-C8307EF3F010}
	EndGlobalSection
EndGlobal
